
Microsoft Visual Studio Solution File, Format Version 12.00
# Visual Studio Version 17
VisualStudioVersion = 17.14.36327.8 d17.14
MinimumVisualStudioVersion = 10.0.40219.1
Project("{FAE04EC0-301F-11D3-BF4B-00C04F79EFBC}") = "DikenEngine", "DikenEngine.csproj", "{9AD4C7DB-CCE7-46C4-9815-D0D184548413}"
EndProject
Global
	GlobalSection(SolutionConfigurationPlatforms) = preSolution
		Debug|Any CPU = Debug|Any CPU
		Release|Any CPU = Release|Any CPU
	EndGlobalSection
	GlobalSection(ProjectConfigurationPlatforms) = postSolution
		{9AD4C7DB-CCE7-46C4-9815-D0D184548413}.Debug|Any CPU.ActiveCfg = Debug|Any CPU
		{9AD4C7DB-CCE7-46C4-9815-D0D184548413}.Debug|Any CPU.Build.0 = Debug|Any CPU
		{9AD4C7DB-CCE7-46C4-9815-D0D184548413}.Release|Any CPU.ActiveCfg = Release|Any CPU
		{9AD4C7DB-CCE7-46C4-9815-D0D184548413}.Release|Any CPU.Build.0 = Release|Any CPU
	EndGlobalSection
	GlobalSection(SolutionProperties) = preSolution
		HideSolutionNode = FALSE
	EndGlobalSection
	GlobalSection(ExtensibilityGlobals) = postSolution
		SolutionGuid = {5957BE0B-02A9-41A4-B4F0-B3048E8A5AA2}
	EndGlobalSection
EndGlobal
